
Microsoft Visual Studio Solution File, Format Version 12.00
# Visual Studio Version 17
VisualStudioVersion = 17.7.34202.233
MinimumVisualStudioVersion = 10.0.40219.1
Project("{9A19103F-16F7-4668-BE54-9A1E7A4F7556}") = "P03-Calculator", "P03-Calculator\P03-Calculator.csproj", "{3F1FD232-857E-446E-830B-2880EE6E75E1}"
EndProject
Project("{9A19103F-16F7-4668-BE54-9A1E7A4F7556}") = "P02-CalculateRectangleArea", "P02-CalculateRectangleArea\P02-CalculateRectangleArea.csproj", "{2AE75F56-3300-48EB-9F1A-A65996E7BB3B}"
EndProject
Project("{9A19103F-16F7-4668-BE54-9A1E7A4F7556}") = "P04-4. PrintingTriangle", "P04-4. PrintingTriangle\P04-4. PrintingTriangle.csproj", "{EB57B077-6920-46C7-9C06-A560DE37C995}"
EndProject
Project("{FAE04EC0-301F-11D3-BF4B-00C04F79EFBC}") = "P05-MathPower", "P05-MathPower\P05-MathPower.csproj", "{8C5F26C5-1841-452F-A863-51D860875659}"
EndProject
Project("{FAE04EC0-301F-11D3-BF4B-00C04F79EFBC}") = "P06-GreaterOfTwoValues", "P06-GreaterOfTwoValues\P06-GreaterOfTwoValues.csproj", "{2287C80C-08EE-447F-8830-8AD754132824}"
EndProject
Global
	GlobalSection(SolutionConfigurationPlatforms) = preSolution
		Debug|Any CPU = Debug|Any CPU
		Release|Any CPU = Release|Any CPU
	EndGlobalSection
	GlobalSection(ProjectConfigurationPlatforms) = postSolution
		{3F1FD232-857E-446E-830B-2880EE6E75E1}.Debug|Any CPU.ActiveCfg = Debug|Any CPU
		{3F1FD232-857E-446E-830B-2880EE6E75E1}.Debug|Any CPU.Build.0 = Debug|Any CPU
		{3F1FD232-857E-446E-830B-2880EE6E75E1}.Release|Any CPU.ActiveCfg = Release|Any CPU
		{3F1FD232-857E-446E-830B-2880EE6E75E1}.Release|Any CPU.Build.0 = Release|Any CPU
		{2AE75F56-3300-48EB-9F1A-A65996E7BB3B}.Debug|Any CPU.ActiveCfg = Debug|Any CPU
		{2AE75F56-3300-48EB-9F1A-A65996E7BB3B}.Debug|Any CPU.Build.0 = Debug|Any CPU
		{2AE75F56-3300-48EB-9F1A-A65996E7BB3B}.Release|Any CPU.ActiveCfg = Release|Any CPU
		{2AE75F56-3300-48EB-9F1A-A65996E7BB3B}.Release|Any CPU.Build.0 = Release|Any CPU
		{EB57B077-6920-46C7-9C06-A560DE37C995}.Debug|Any CPU.ActiveCfg = Debug|Any CPU
		{EB57B077-6920-46C7-9C06-A560DE37C995}.Debug|Any CPU.Build.0 = Debug|Any CPU
		{EB57B077-6920-46C7-9C06-A560DE37C995}.Release|Any CPU.ActiveCfg = Release|Any CPU
		{EB57B077-6920-46C7-9C06-A560DE37C995}.Release|Any CPU.Build.0 = Release|Any CPU
		{8C5F26C5-1841-452F-A863-51D860875659}.Debug|Any CPU.ActiveCfg = Debug|Any CPU
		{8C5F26C5-1841-452F-A863-51D860875659}.Debug|Any CPU.Build.0 = Debug|Any CPU
		{8C5F26C5-1841-452F-A863-51D860875659}.Release|Any CPU.ActiveCfg = Release|Any CPU
		{8C5F26C5-1841-452F-A863-51D860875659}.Release|Any CPU.Build.0 = Release|Any CPU
		{2287C80C-08EE-447F-8830-8AD754132824}.Debug|Any CPU.ActiveCfg = Debug|Any CPU
		{2287C80C-08EE-447F-8830-8AD754132824}.Debug|Any CPU.Build.0 = Debug|Any CPU
		{2287C80C-08EE-447F-8830-8AD754132824}.Release|Any CPU.ActiveCfg = Release|Any CPU
		{2287C80C-08EE-447F-8830-8AD754132824}.Release|Any CPU.Build.0 = Release|Any CPU
	EndGlobalSection
	GlobalSection(SolutionProperties) = preSolution
		HideSolutionNode = FALSE
	EndGlobalSection
	GlobalSection(ExtensibilityGlobals) = postSolution
		SolutionGuid = {FD9E61FB-37B8-42A2-B076-2FE5853D8FD9}
	EndGlobalSection
EndGlobal
